
Microsoft Visual Studio Solution File, Format Version 12.00
# Visual Studio Version 16
VisualStudioVersion = 16.0.32228.343
MinimumVisualStudioVersion = 10.0.40219.1
Project("{FAE04EC0-301F-11D3-BF4B-00C04F79EFBC}") = "CRUDOperation", "CRUDOperation\CRUDOperation.csproj", "{1C49900E-07DF-435A-A18A-BBE8A1D2D10B}"
EndProject
Global
	GlobalSection(SolutionConfigurationPlatforms) = preSolution
		Debug|Any CPU = Debug|Any CPU
		Release|Any CPU = Release|Any CPU
	EndGlobalSection
	GlobalSection(ProjectConfigurationPlatforms) = postSolution
		{1C49900E-07DF-435A-A18A-BBE8A1D2D10B}.Debug|Any CPU.ActiveCfg = Debug|Any CPU
		{1C49900E-07DF-435A-A18A-BBE8A1D2D10B}.Debug|Any CPU.Build.0 = Debug|Any CPU
		{1C49900E-07DF-435A-A18A-BBE8A1D2D10B}.Release|Any CPU.ActiveCfg = Release|Any CPU
		{1C49900E-07DF-435A-A18A-BBE8A1D2D10B}.Release|Any CPU.Build.0 = Release|Any CPU
	EndGlobalSection
	GlobalSection(SolutionProperties) = preSolution
		HideSolutionNode = FALSE
	EndGlobalSection
	GlobalSection(ExtensibilityGlobals) = postSolution
		SolutionGuid = {F62B5CEB-474F-4CD8-9757-2BB7775F93AB}
	EndGlobalSection
EndGlobal
